
Microsoft Visual Studio Solution File, Format Version 12.00
# Visual Studio Version 16
VisualStudioVersion = 16.0.30503.244
MinimumVisualStudioVersion = 10.0.40219.1
Project("{FAE04EC0-301F-11D3-BF4B-00C04F79EFBC}") = "CinemaApi", "CinemaApi\CinemaApi.csproj", "{F1D425E1-3E78-4C8C-8140-8217C31EB291}"
EndProject
Global
	GlobalSection(SolutionConfigurationPlatforms) = preSolution
		Debug|Any CPU = Debug|Any CPU
		Release|Any CPU = Release|Any CPU
	EndGlobalSection
	GlobalSection(ProjectConfigurationPlatforms) = postSolution
		{F1D425E1-3E78-4C8C-8140-8217C31EB291}.Debug|Any CPU.ActiveCfg = Debug|Any CPU
		{F1D425E1-3E78-4C8C-8140-8217C31EB291}.Debug|Any CPU.Build.0 = Debug|Any CPU
		{F1D425E1-3E78-4C8C-8140-8217C31EB291}.Release|Any CPU.ActiveCfg = Release|Any CPU
		{F1D425E1-3E78-4C8C-8140-8217C31EB291}.Release|Any CPU.Build.0 = Release|Any CPU
	EndGlobalSection
	GlobalSection(SolutionProperties) = preSolution
		HideSolutionNode = FALSE
	EndGlobalSection
	GlobalSection(ExtensibilityGlobals) = postSolution
		SolutionGuid = {54338CEC-12BD-44A7-825E-3382505B2E1E}
	EndGlobalSection
EndGlobal
